
Microsoft Visual Studio Solution File, Format Version 12.00
# Visual Studio Version 17
VisualStudioVersion = 17.5.002.0
MinimumVisualStudioVersion = 10.0.40219.1
Project("{9A19103F-16F7-4668-BE54-9A1E7A4F7556}") = "WebApplication1", "WebApplication1.csproj", "{24538EBE-3D3E-463B-A42C-9C97ABA920CA}"
EndProject
Project("{FAE04EC0-301F-11D3-BF4B-00C04F79EFBC}") = "WebApplication2", "..\WebApplication2\WebApplication2.csproj", "{2D3526A7-656C-4F41-9EB6-E9F531392D06}"
EndProject
Global
	GlobalSection(SolutionConfigurationPlatforms) = preSolution
		Debug|Any CPU = Debug|Any CPU
		Release|Any CPU = Release|Any CPU
	EndGlobalSection
	GlobalSection(ProjectConfigurationPlatforms) = postSolution
		{24538EBE-3D3E-463B-A42C-9C97ABA920CA}.Debug|Any CPU.ActiveCfg = Debug|Any CPU
		{24538EBE-3D3E-463B-A42C-9C97ABA920CA}.Debug|Any CPU.Build.0 = Debug|Any CPU
		{24538EBE-3D3E-463B-A42C-9C97ABA920CA}.Release|Any CPU.ActiveCfg = Release|Any CPU
		{24538EBE-3D3E-463B-A42C-9C97ABA920CA}.Release|Any CPU.Build.0 = Release|Any CPU
		{2D3526A7-656C-4F41-9EB6-E9F531392D06}.Debug|Any CPU.ActiveCfg = Debug|Any CPU
		{2D3526A7-656C-4F41-9EB6-E9F531392D06}.Debug|Any CPU.Build.0 = Debug|Any CPU
		{2D3526A7-656C-4F41-9EB6-E9F531392D06}.Release|Any CPU.ActiveCfg = Release|Any CPU
		{2D3526A7-656C-4F41-9EB6-E9F531392D06}.Release|Any CPU.Build.0 = Release|Any CPU
	EndGlobalSection
	GlobalSection(SolutionProperties) = preSolution
		HideSolutionNode = FALSE
	EndGlobalSection
	GlobalSection(ExtensibilityGlobals) = postSolution
		SolutionGuid = {F21CBBEA-E0BE-4B78-B671-270B24E3D80C}
	EndGlobalSection
EndGlobal
